
Microsoft Visual Studio Solution File, Format Version 12.00
# Visual Studio Version 17
VisualStudioVersion = 17.14.36511.14 d17.14
MinimumVisualStudioVersion = 10.0.40219.1
Project("{FAE04EC0-301F-11D3-BF4B-00C04F79EFBC}") = "ukol 10", "ukol 10\ukol 10.csproj", "{D385AF37-CBE9-4833-959C-660E091C305D}"
EndProject
Global
	GlobalSection(SolutionConfigurationPlatforms) = preSolution
		Debug|Any CPU = Debug|Any CPU
		Release|Any CPU = Release|Any CPU
	EndGlobalSection
	GlobalSection(ProjectConfigurationPlatforms) = postSolution
		{D385AF37-CBE9-4833-959C-660E091C305D}.Debug|Any CPU.ActiveCfg = Debug|Any CPU
		{D385AF37-CBE9-4833-959C-660E091C305D}.Debug|Any CPU.Build.0 = Debug|Any CPU
		{D385AF37-CBE9-4833-959C-660E091C305D}.Release|Any CPU.ActiveCfg = Release|Any CPU
		{D385AF37-CBE9-4833-959C-660E091C305D}.Release|Any CPU.Build.0 = Release|Any CPU
	EndGlobalSection
	GlobalSection(SolutionProperties) = preSolution
		HideSolutionNode = FALSE
	EndGlobalSection
	GlobalSection(ExtensibilityGlobals) = postSolution
		SolutionGuid = {2B267108-4490-40DB-A63B-AA5F7D40D7E2}
	EndGlobalSection
EndGlobal
