
Microsoft Visual Studio Solution File, Format Version 12.00
# Visual Studio Version 17
VisualStudioVersion = 17.14.36511.14 d17.14
MinimumVisualStudioVersion = 10.0.40219.1
Project("{FAE04EC0-301F-11D3-BF4B-00C04F79EFBC}") = "Ukol 7", "Ukol 7\Ukol 7.csproj", "{A068738A-F3FF-4E96-9013-1FFCA422CD5F}"
EndProject
Global
	GlobalSection(SolutionConfigurationPlatforms) = preSolution
		Debug|Any CPU = Debug|Any CPU
		Release|Any CPU = Release|Any CPU
	EndGlobalSection
	GlobalSection(ProjectConfigurationPlatforms) = postSolution
		{A068738A-F3FF-4E96-9013-1FFCA422CD5F}.Debug|Any CPU.ActiveCfg = Debug|Any CPU
		{A068738A-F3FF-4E96-9013-1FFCA422CD5F}.Debug|Any CPU.Build.0 = Debug|Any CPU
		{A068738A-F3FF-4E96-9013-1FFCA422CD5F}.Release|Any CPU.ActiveCfg = Release|Any CPU
		{A068738A-F3FF-4E96-9013-1FFCA422CD5F}.Release|Any CPU.Build.0 = Release|Any CPU
	EndGlobalSection
	GlobalSection(SolutionProperties) = preSolution
		HideSolutionNode = FALSE
	EndGlobalSection
	GlobalSection(ExtensibilityGlobals) = postSolution
		SolutionGuid = {930E50C8-7BC6-4927-8FFE-3A466AC5C827}
	EndGlobalSection
EndGlobal
